// !$*UTF8*$!
{
	archiveVersion = 1;
	classes = {
	};
	objectVersion = 56;
	objects = {

/* Begin PBXBuildFile section */
		840A8AEB293BFFB900791AAB /* NotePad.xcdatamodeld in Sources */ = {isa = PBXBuildFile; fileRef = 840A8AE9293BFFB900791AAB /* NotePad.xcdatamodeld */; };
		842D94A02932C076009FA060 /* AppDelegate.swift in Sources */ = {isa = PBXBuildFile; fileRef = 842D949F2932C076009FA060 /* AppDelegate.swift */; };
		842D94A22932C076009FA060 /* SceneDelegate.swift in Sources */ = {isa = PBXBuildFile; fileRef = 842D94A12932C076009FA060 /* SceneDelegate.swift */; };
		842D94A42932C076009FA060 /* ModuleTableViewController.swift in Sources */ = {isa = PBXBuildFile; fileRef = 842D94A32932C076009FA060 /* ModuleTableViewController.swift */; };
		842D94A72932C076009FA060 /* Main.storyboard in Resources */ = {isa = PBXBuildFile; fileRef = 842D94A52932C076009FA060 /* Main.storyboard */; };
		842D94A92932C077009FA060 /* Assets.xcassets in Resources */ = {isa = PBXBuildFile; fileRef = 842D94A82932C077009FA060 /* Assets.xcassets */; };
		842D94AC2932C077009FA060 /* LaunchScreen.storyboard in Resources */ = {isa = PBXBuildFile; fileRef = 842D94AA2932C077009FA060 /* LaunchScreen.storyboard */; };
		84501B752932D77F00FD0929 /* LessonTableViewController.swift in Sources */ = {isa = PBXBuildFile; fileRef = 84501B742932D77F00FD0929 /* LessonTableViewController.swift */; };
/* End PBXBuildFile section */

/* Begin PBXFileReference section */
		840A8AEA293BFFB900791AAB /* Data Model.xcdatamodel */ = {isa = PBXFileReference; lastKnownFileType = wrapper.xcdatamodel; path = "Data Model.xcdatamodel"; sourceTree = "<group>"; };
		842D949C2932C076009FA060 /* Productor.app */ = {isa = PBXFileReference; explicitFileType = wrapper.application; includeInIndex = 0; path = Productor.app; sourceTree = BUILT_PRODUCTS_DIR; };
		842D949F2932C076009FA060 /* AppDelegate.swift */ = {isa = PBXFileReference; lastKnownFileType = sourcecode.swift; path = AppDelegate.swift; sourceTree = "<group>"; };
		842D94A12932C076009FA060 /* SceneDelegate.swift */ = {isa = PBXFileReference; lastKnownFileType = sourcecode.swift; path = SceneDelegate.swift; sourceTree = "<group>"; };
		842D94A32932C076009FA060 /* ModuleTableViewController.swift */ = {isa = PBXFileReference; lastKnownFileType = sourcecode.swift; path = ModuleTableViewController.swift; sourceTree = "<group>"; };
		842D94A62932C076009FA060 /* Base */ = {isa = PBXFileReference; lastKnownFileType = file.storyboard; name = Base; path = Base.lproj/Main.storyboard; sourceTree = "<group>"; };
		842D94A82932C077009FA060 /* Assets.xcassets */ = {isa = PBXFileReference; lastKnownFileType = folder.assetcatalog; path = Assets.xcassets; sourceTree = "<group>"; };
		842D94AB2932C077009FA060 /* Base */ = {isa = PBXFileReference; lastKnownFileType = file.storyboard; name = Base; path = Base.lproj/LaunchScreen.storyboard; sourceTree = "<group>"; };
		842D94AD2932C077009FA060 /* Info.plist */ = {isa = PBXFileReference; lastKnownFileType = text.plist.xml; path = Info.plist; sourceTree = "<group>"; };
		84501B742932D77F00FD0929 /* LessonTableViewController.swift */ = {isa = PBXFileReference; lastKnownFileType = sourcecode.swift; path = LessonTableViewController.swift; sourceTree = "<group>"; };
/* End PBXFileReference section */

/* Begin PBXFrameworksBuildPhase section */
		842D94992932C076009FA060 /* Frameworks */ = {
			isa = PBXFrameworksBuildPhase;
			buildActionMask = 2147483647;
			files = (
			);
			runOnlyForDeploymentPostprocessing = 0;
		};
/* End PBXFrameworksBuildPhase section */

/* Begin PBXGroup section */
		840A8AEC293BFFD600791AAB /* Data Model */ = {
			isa = PBXGroup;
			children = (
				840A8AE9293BFFB900791AAB /* NotePad.xcdatamodeld */,
			);
			path = "Data Model";
			sourceTree = "<group>";
		};
		842D94932932C076009FA060 = {
			isa = PBXGroup;
			children = (
				842D949E2932C076009FA060 /* Productor */,
				842D949D2932C076009FA060 /* Products */,
			);
			sourceTree = "<group>";
		};
		842D949D2932C076009FA060 /* Products */ = {
			isa = PBXGroup;
			children = (
				842D949C2932C076009FA060 /* Productor.app */,
			);
			name = Products;
			sourceTree = "<group>";
		};
		842D949E2932C076009FA060 /* Productor */ = {
			isa = PBXGroup;
			children = (
				842D949F2932C076009FA060 /* AppDelegate.swift */,
				842D94A12932C076009FA060 /* SceneDelegate.swift */,
				84501B702932D6A600FD0929 /* Control */,
				84501B712932D6B300FD0929 /* View */,
				840A8AEC293BFFD600791AAB /* Data Model */,
				842D94A82932C077009FA060 /* Assets.xcassets */,
				842D94AA2932C077009FA060 /* LaunchScreen.storyboard */,
				842D94AD2932C077009FA060 /* Info.plist */,
			);
			path = Productor;
			sourceTree = "<group>";
		};
		84501B702932D6A600FD0929 /* Control */ = {
			isa = PBXGroup;
			children = (
				842D94A32932C076009FA060 /* ModuleTableViewController.swift */,
				84501B742932D77F00FD0929 /* LessonTableViewController.swift */,
			);
			path = Control;
			sourceTree = "<group>";
		};
		84501B712932D6B300FD0929 /* View */ = {
			isa = PBXGroup;
			children = (
				842D94A52932C076009FA060 /* Main.storyboard */,
			);
			path = View;
			sourceTree = "<group>";
		};
/* End PBXGroup section */

/* Begin PBXNativeTarget section */
		842D949B2932C076009FA060 /* Productor */ = {
			isa = PBXNativeTarget;
			buildConfigurationList = 842D94B02932C077009FA060 /* Build configuration list for PBXNativeTarget "Productor" */;
			buildPhases = (
				842D94982932C076009FA060 /* Sources */,
				842D94992932C076009FA060 /* Frameworks */,
				842D949A2932C076009FA060 /* Resources */,
			);
			buildRules = (
			);
			dependencies = (
			);
			name = Productor;
			productName = Productor;
			productReference = 842D949C2932C076009FA060 /* Productor.app */;
			productType = "com.apple.product-type.application";
		};
/* End PBXNativeTarget section */

/* Begin PBXProject section */
		842D94942932C076009FA060 /* Project object */ = {
			isa = PBXProject;
			attributes = {
				BuildIndependentTargetsInParallel = 1;
				LastSwiftUpdateCheck = 1410;
				LastUpgradeCheck = 1410;
				TargetAttributes = {
					842D949B2932C076009FA060 = {
						CreatedOnToolsVersion = 14.1;
					};
				};
			};
			buildConfigurationList = 842D94972932C076009FA060 /* Build configuration list for PBXProject "Productor" */;
			compatibilityVersion = "Xcode 14.0";
			developmentRegion = en;
			hasScannedForEncodings = 0;
			knownRegions = (
				en,
				Base,
			);
			mainGroup = 842D94932932C076009FA060;
			packageReferences = (
				840A8AE8293BE21F00791AAB /* XCRemoteSwiftPackageReference "Chameleon" */,
			);
			productRefGroup = 842D949D2932C076009FA060 /* Products */;
			projectDirPath = "";
			projectRoot = "";
			targets = (
				842D949B2932C076009FA060 /* Productor */,
			);
		};
/* End PBXProject section */

/* Begin PBXResourcesBuildPhase section */
		842D949A2932C076009FA060 /* Resources */ = {
			isa = PBXResourcesBuildPhase;
			buildActionMask = 2147483647;
			files = (
				842D94AC2932C077009FA060 /* LaunchScreen.storyboard in Resources */,
				842D94A92932C077009FA060 /* Assets.xcassets in Resources */,
				842D94A72932C076009FA060 /* Main.storyboard in Resources */,
			);
			runOnlyForDeploymentPostprocessing = 0;
		};
/* End PBXResourcesBuildPhase section */

/* Begin PBXSourcesBuildPhase section */
		842D94982932C076009FA060 /* Sources */ = {
			isa = PBXSourcesBuildPhase;
			buildActionMask = 2147483647;
			files = (
				840A8AEB293BFFB900791AAB /* NotePad.xcdatamodeld in Sources */,
				842D94A42932C076009FA060 /* ModuleTableViewController.swift in Sources */,
				84501B752932D77F00FD0929 /* LessonTableViewController.swift in Sources */,
				842D94A02932C076009FA060 /* AppDelegate.swift in Sources */,
				842D94A22932C076009FA060 /* SceneDelegate.swift in Sources */,
			);
			runOnlyForDeploymentPostprocessing = 0;
		};
/* End PBXSourcesBuildPhase section */

/* Begin PBXVariantGroup section */
		842D94A52932C076009FA060 /* Main.storyboard */ = {
			isa = PBXVariantGroup;
			children = (
				842D94A62932C076009FA060 /* Base */,
			);
			name = Main.storyboard;
			sourceTree = "<group>";
		};
		842D94AA2932C077009FA060 /* LaunchScreen.storyboard */ = {
			isa = PBXVariantGroup;
			children = (
				842D94AB2932C077009FA060 /* Base */,
			);
			name = LaunchScreen.storyboard;
			sourceTree = "<group>";
		};
/* End PBXVariantGroup section */

/* Begin XCBuildConfiguration section */
		842D94AE2932C077009FA060 /* Debug */ = {
			isa = XCBuildConfiguration;
			buildSettings = {
				ALWAYS_SEARCH_USER_PATHS = NO;
				CLANG_ANALYZER_NONNULL = YES;
				CLANG_ANALYZER_NUMBER_OBJECT_CONVERSION = YES_AGGRESSIVE;
				CLANG_CXX_LANGUAGE_STANDARD = "gnu++20";
				CLANG_ENABLE_MODULES = YES;
				CLANG_ENABLE_OBJC_ARC = YES;
				CLANG_ENABLE_OBJC_WEAK = YES;
				CLANG_WARN_BLOCK_CAPTURE_AUTORELEASING = YES;
				CLANG_WARN_BOOL_CONVERSION = YES;
				CLANG_WARN_COMMA = YES;
				CLANG_WARN_CONSTANT_CONVERSION = YES;
				CLANG_WARN_DEPRECATED_OBJC_IMPLEMENTATIONS = YES;
				CLANG_WARN_DIRECT_OBJC_ISA_USAGE = YES_ERROR;
				CLANG_WARN_DOCUMENTATION_COMMENTS = YES;
				CLANG_WARN_EMPTY_BODY = YES;
				CLANG_WARN_ENUM_CONVERSION = YES;
				CLANG_WARN_INFINITE_RECURSION = YES;
				CLANG_WARN_INT_CONVERSION = YES;
				CLANG_WARN_NON_LITERAL_NULL_CONVERSION = YES;
				CLANG_WARN_OBJC_IMPLICIT_RETAIN_SELF = YES;
				CLANG_WARN_OBJC_LITERAL_CONVERSION = YES;
				CLANG_WARN_OBJC_ROOT_CLASS = YES_ERROR;
				CLANG_WARN_QUOTED_INCLUDE_IN_FRAMEWORK_HEADER = YES;
				CLANG_WARN_RANGE_LOOP_ANALYSIS = YES;
				CLANG_WARN_STRICT_PROTOTYPES = YES;
				CLANG_WARN_SUSPICIOUS_MOVE = YES;
				CLANG_WARN_UNGUARDED_AVAILABILITY = YES_AGGRESSIVE;
				CLANG_WARN_UNREACHABLE_CODE = YES;
				CLANG_WARN__DUPLICATE_METHOD_MATCH = YES;
				COPY_PHASE_STRIP = NO;
				DEBUG_INFORMATION_FORMAT = dwarf;
				ENABLE_STRICT_OBJC_MSGSEND = YES;
				ENABLE_TESTABILITY = YES;
				GCC_C_LANGUAGE_STANDARD = gnu11;
				GCC_DYNAMIC_NO_PIC = NO;
				GCC_NO_COMMON_BLOCKS = YES;
				GCC_OPTIMIZATION_LEVEL = 0;
				GCC_PREPROCESSOR_DEFINITIONS = (
					"DEBUG=1",
					"$(inherited)",
				);
				GCC_WARN_64_TO_32_BIT_CONVERSION = YES;
				GCC_WARN_ABOUT_RETURN_TYPE = YES_ERROR;
				GCC_WARN_UNDECLARED_SELECTOR = YES;
				GCC_WARN_UNINITIALIZED_AUTOS = YES_AGGRESSIVE;
				GCC_WARN_UNUSED_FUNCTION = YES;
				GCC_WARN_UNUSED_VARIABLE = YES;
				IPHONEOS_DEPLOYMENT_TARGET = 16.1;
				MTL_ENABLE_DEBUG_INFO = INCLUDE_SOURCE;
				MTL_FAST_MATH = YES;
				ONLY_ACTIVE_ARCH = YES;
				SDKROOT = iphoneos;
				SWIFT_ACTIVE_COMPILATION_CONDITIONS = DEBUG;
				SWIFT_OPTIMIZATION_LEVEL = "-Onone";
			};
			name = Debug;
		};
		842D94AF2932C077009FA060 /* Release */ = {
			isa = XCBuildConfiguration;
			buildSettings = {
				ALWAYS_SEARCH_USER_PATHS = NO;
				CLANG_ANALYZER_NONNULL = YES;
				CLANG_ANALYZER_NUMBER_OBJECT_CONVERSION = YES_AGGRESSIVE;
				CLANG_CXX_LANGUAGE_STANDARD = "gnu++20";
				CLANG_ENABLE_MODULES = YES;
				CLANG_ENABLE_OBJC_ARC = YES;
				CLANG_ENABLE_OBJC_WEAK = YES;
				CLANG_WARN_BLOCK_CAPTURE_AUTORELEASING = YES;
				CLANG_WARN_BOOL_CONVERSION = YES;
				CLANG_WARN_COMMA = YES;
				CLANG_WARN_CONSTANT_CONVERSION = YES;
				CLANG_WARN_DEPRECATED_OBJC_IMPLEMENTATIONS = YES;
				CLANG_WARN_DIRECT_OBJC_ISA_USAGE = YES_ERROR;
				CLANG_WARN_DOCUMENTATION_COMMENTS = YES;
				CLANG_WARN_EMPTY_BODY = YES;
				CLANG_WARN_ENUM_CONVERSION = YES;
				CLANG_WARN_INFINITE_RECURSION = YES;
				CLANG_WARN_INT_CONVERSION = YES;
				CLANG_WARN_NON_LITERAL_NULL_CONVERSION = YES;
				CLANG_WARN_OBJC_IMPLICIT_RETAIN_SELF = YES;
				CLANG_WARN_OBJC_LITERAL_CONVERSION = YES;
				CLANG_WARN_OBJC_ROOT_CLASS = YES_ERROR;
				CLANG_WARN_QUOTED_INCLUDE_IN_FRAMEWORK_HEADER = YES;
				CLANG_WARN_RANGE_LOOP_ANALYSIS = YES;
				CLANG_WARN_STRICT_PROTOTYPES = YES;
				CLANG_WARN_SUSPICIOUS_MOVE = YES;
				CLANG_WARN_UNGUARDED_AVAILABILITY = YES_AGGRESSIVE;
				CLANG_WARN_UNREACHABLE_CODE = YES;
				CLANG_WARN__DUPLICATE_METHOD_MATCH = YES;
				COPY_PHASE_STRIP = NO;
				DEBUG_INFORMATION_FORMAT = "dwarf-with-dsym";
				ENABLE_NS_ASSERTIONS = NO;
				ENABLE_STRICT_OBJC_MSGSEND = YES;
				GCC_C_LANGUAGE_STANDARD = gnu11;
				GCC_NO_COMMON_BLOCKS = YES;
				GCC_WARN_64_TO_32_BIT_CONVERSION = YES;
				GCC_WARN_ABOUT_RETURN_TYPE = YES_ERROR;
				GCC_WARN_UNDECLARED_SELECTOR = YES;
				GCC_WARN_UNINITIALIZED_AUTOS = YES_AGGRESSIVE;
				GCC_WARN_UNUSED_FUNCTION = YES;
				GCC_WARN_UNUSED_VARIABLE = YES;
				IPHONEOS_DEPLOYMENT_TARGET = 16.1;
				MTL_ENABLE_DEBUG_INFO = NO;
				MTL_FAST_MATH = YES;
				SDKROOT = iphoneos;
				SWIFT_COMPILATION_MODE = wholemodule;
				SWIFT_OPTIMIZATION_LEVEL = "-O";
				VALIDATE_PRODUCT = YES;
			};
			name = Release;
		};
		842D94B12932C077009FA060 /* Debug */ = {
			isa = XCBuildConfiguration;
			buildSettings = {
				ASSETCATALOG_COMPILER_APPICON_NAME = AppIcon;
				ASSETCATALOG_COMPILER_GLOBAL_ACCENT_COLOR_NAME = AccentColor;
				CODE_SIGN_STYLE = Automatic;
				CURRENT_PROJECT_VERSION = 1;
				DEVELOPMENT_TEAM = 3KDG7MH762;
				GENERATE_INFOPLIST_FILE = YES;
				INFOPLIST_FILE = Productor/Info.plist;
				INFOPLIST_KEY_UIApplicationSupportsIndirectInputEvents = YES;
				INFOPLIST_KEY_UILaunchStoryboardName = LaunchScreen;
				INFOPLIST_KEY_UIMainStoryboardFile = Main;
				INFOPLIST_KEY_UISupportedInterfaceOrientations_iPad = "UIInterfaceOrientationPortrait UIInterfaceOrientationPortraitUpsideDown UIInterfaceOrientationLandscapeLeft UIInterfaceOrientationLandscapeRight";
				INFOPLIST_KEY_UISupportedInterfaceOrientations_iPhone = "UIInterfaceOrientationPortrait UIInterfaceOrientationLandscapeLeft UIInterfaceOrientationLandscapeRight";
				LD_RUNPATH_SEARCH_PATHS = (
					"$(inherited)",
					"@executable_path/Frameworks",
				);
				MARKETING_VERSION = 1.0;
				PRODUCT_BUNDLE_IDENTIFIER = com.akuprym.Productor;
				PRODUCT_NAME = "$(TARGET_NAME)";
				SWIFT_EMIT_LOC_STRINGS = YES;
				SWIFT_VERSION = 5.0;
				TARGETED_DEVICE_FAMILY = "1,2";
			};
			name = Debug;
		};
		842D94B22932C077009FA060 /* Release */ = {
			isa = XCBuildConfiguration;
			buildSettings = {
				ASSETCATALOG_COMPILER_APPICON_NAME = AppIcon;
				ASSETCATALOG_COMPILER_GLOBAL_ACCENT_COLOR_NAME = AccentColor;
				CODE_SIGN_STYLE = Automatic;
				CURRENT_PROJECT_VERSION = 1;
				DEVELOPMENT_TEAM = 3KDG7MH762;
				GENERATE_INFOPLIST_FILE = YES;
				INFOPLIST_FILE = Productor/Info.plist;
				INFOPLIST_KEY_UIApplicationSupportsIndirectInputEvents = YES;
				INFOPLIST_KEY_UILaunchStoryboardName = LaunchScreen;
				INFOPLIST_KEY_UIMainStoryboardFile = Main;
				INFOPLIST_KEY_UISupportedInterfaceOrientations_iPad = "UIInterfaceOrientationPortrait UIInterfaceOrientationPortraitUpsideDown UIInterfaceOrientationLandscapeLeft UIInterfaceOrientationLandscapeRight";
				INFOPLIST_KEY_UISupportedInterfaceOrientations_iPhone = "UIInterfaceOrientationPortrait UIInterfaceOrientationLandscapeLeft UIInterfaceOrientationLandscapeRight";
				LD_RUNPATH_SEARCH_PATHS = (
					"$(inherited)",
					"@executable_path/Frameworks",
				);
				MARKETING_VERSION = 1.0;
				PRODUCT_BUNDLE_IDENTIFIER = com.akuprym.Productor;
				PRODUCT_NAME = "$(TARGET_NAME)";
				SWIFT_EMIT_LOC_STRINGS = YES;
				SWIFT_VERSION = 5.0;
				TARGETED_DEVICE_FAMILY = "1,2";
			};
			name = Release;
		};
/* End XCBuildConfiguration section */

/* Begin XCConfigurationList section */
		842D94972932C076009FA060 /* Build configuration list for PBXProject "Productor" */ = {
			isa = XCConfigurationList;
			buildConfigurations = (
				842D94AE2932C077009FA060 /* Debug */,
				842D94AF2932C077009FA060 /* Release */,
			);
			defaultConfigurationIsVisible = 0;
			defaultConfigurationName = Release;
		};
		842D94B02932C077009FA060 /* Build configuration list for PBXNativeTarget "Productor" */ = {
			isa = XCConfigurationList;
			buildConfigurations = (
				842D94B12932C077009FA060 /* Debug */,
				842D94B22932C077009FA060 /* Release */,
			);
			defaultConfigurationIsVisible = 0;
			defaultConfigurationName = Release;
		};
/* End XCConfigurationList section */

/* Begin XCRemoteSwiftPackageReference section */
		840A8AE8293BE21F00791AAB /* XCRemoteSwiftPackageReference "Chameleon" */ = {
			isa = XCRemoteSwiftPackageReference;
			repositoryURL = "https://github.com/wowansm/Chameleon.git";
			requirement = {
				kind = upToNextMajorVersion;
				minimumVersion = 2.0.0;
			};
		};
/* End XCRemoteSwiftPackageReference section */

/* Begin XCVersionGroup section */
		840A8AE9293BFFB900791AAB /* NotePad.xcdatamodeld */ = {
			isa = XCVersionGroup;
			children = (
				840A8AEA293BFFB900791AAB /* Data Model.xcdatamodel */,
			);
			currentVersion = 840A8AEA293BFFB900791AAB /* Data Model.xcdatamodel */;
			path = NotePad.xcdatamodeld;
			sourceTree = "<group>";
			versionGroupType = wrapper.xcdatamodel;
		};
/* End XCVersionGroup section */
	};
	rootObject = 842D94942932C076009FA060 /* Project object */;
}
